
Microsoft Visual Studio Solution File, Format Version 12.00
# Visual Studio 2013
VisualStudioVersion = 12.0.40629.0
MinimumVisualStudioVersion = 10.0.40219.1
Project("{FAE04EC0-301F-11D3-BF4B-00C04F79EFBC}") = "JQuery插件集合", "JQuery插件集合\JQuery插件集合.csproj", "{AE9162C3-0F0E-4919-8C7F-57E6FFE45D18}"
EndProject
Global
	GlobalSection(SolutionConfigurationPlatforms) = preSolution
		Debug|Any CPU = Debug|Any CPU
		Release|Any CPU = Release|Any CPU
	EndGlobalSection
	GlobalSection(ProjectConfigurationPlatforms) = postSolution
		{AE9162C3-0F0E-4919-8C7F-57E6FFE45D18}.Debug|Any CPU.ActiveCfg = Debug|Any CPU
		{AE9162C3-0F0E-4919-8C7F-57E6FFE45D18}.Debug|Any CPU.Build.0 = Debug|Any CPU
		{AE9162C3-0F0E-4919-8C7F-57E6FFE45D18}.Release|Any CPU.ActiveCfg = Release|Any CPU
		{AE9162C3-0F0E-4919-8C7F-57E6FFE45D18}.Release|Any CPU.Build.0 = Release|Any CPU
	EndGlobalSection
	GlobalSection(SolutionProperties) = preSolution
		HideSolutionNode = FALSE
	EndGlobalSection
EndGlobal
